// !$*UTF8*$!
{
	archiveVersion = 1;
	classes = {
	};
	objectVersion = 56;
	objects = {

/* Begin PBXBuildFile section */
		180FCD2C2AFA9DF50078418F /* DoCodeApp.swift in Sources */ = {isa = PBXBuildFile; fileRef = 180FCD2B2AFA9DF50078418F /* DoCodeApp.swift */; };
		180FCD2E2AFA9DF50078418F /* ContentView.swift in Sources */ = {isa = PBXBuildFile; fileRef = 180FCD2D2AFA9DF50078418F /* ContentView.swift */; };
		180FCD302AFA9DF80078418F /* Assets.xcassets in Resources */ = {isa = PBXBuildFile; fileRef = 180FCD2F2AFA9DF80078418F /* Assets.xcassets */; };
		180FCD332AFA9DF80078418F /* Preview Assets.xcassets in Resources */ = {isa = PBXBuildFile; fileRef = 180FCD322AFA9DF80078418F /* Preview Assets.xcassets */; };
		18CEC9C42B2780A70081DBB6 /* Colors.swift in Sources */ = {isa = PBXBuildFile; fileRef = 18CEC9C32B2780A70081DBB6 /* Colors.swift */; };
		276FE59B2B50403900E605D4 /* house.riv in Resources */ = {isa = PBXBuildFile; fileRef = 276FE5942B50403900E605D4 /* house.riv */; };
		276FE59C2B50403900E605D4 /* confetti.riv in Resources */ = {isa = PBXBuildFile; fileRef = 276FE5952B50403900E605D4 /* confetti.riv */; };
		276FE59D2B50403900E605D4 /* check.riv in Resources */ = {isa = PBXBuildFile; fileRef = 276FE5962B50403900E605D4 /* check.riv */; };
		276FE59E2B50403900E605D4 /* menu_button.riv in Resources */ = {isa = PBXBuildFile; fileRef = 276FE5972B50403900E605D4 /* menu_button.riv */; };
		276FE59F2B50403900E605D4 /* shapes.riv in Resources */ = {isa = PBXBuildFile; fileRef = 276FE5982B50403900E605D4 /* shapes.riv */; };
		276FE5A02B50403900E605D4 /* button.riv in Resources */ = {isa = PBXBuildFile; fileRef = 276FE5992B50403900E605D4 /* button.riv */; };
		276FE5A12B50403900E605D4 /* icons.riv in Resources */ = {isa = PBXBuildFile; fileRef = 276FE59A2B50403900E605D4 /* icons.riv */; };
		276FE5A42B50405E00E605D4 /* SplashView.swift in Sources */ = {isa = PBXBuildFile; fileRef = 276FE5A32B50405D00E605D4 /* SplashView.swift */; };
		27785E0C2B518D46009FE3B7 /* PageView.swift in Sources */ = {isa = PBXBuildFile; fileRef = 27785E0B2B518D46009FE3B7 /* PageView.swift */; };
		27785E0F2B5192E6009FE3B7 /* Background.swift in Sources */ = {isa = PBXBuildFile; fileRef = 27785E0E2B5192E6009FE3B7 /* Background.swift */; };
		27785E112B51A2C7009FE3B7 /* PageModel.swift in Sources */ = {isa = PBXBuildFile; fileRef = 27785E102B51A2C7009FE3B7 /* PageModel.swift */; };
		27785E162B51AA05009FE3B7 /* Inter-Regular.ttf in Resources */ = {isa = PBXBuildFile; fileRef = 27785E132B51AA05009FE3B7 /* Inter-Regular.ttf */; };
		27785E172B51AA05009FE3B7 /* Poppins-Bold.ttf in Resources */ = {isa = PBXBuildFile; fileRef = 27785E142B51AA05009FE3B7 /* Poppins-Bold.ttf */; };
		27785E182B51AA05009FE3B7 /* Inter-SemiBold.ttf in Resources */ = {isa = PBXBuildFile; fileRef = 27785E152B51AA05009FE3B7 /* Inter-SemiBold.ttf */; };
		27785E1B2B51ACEE009FE3B7 /* CustomFont.swift in Sources */ = {isa = PBXBuildFile; fileRef = 27785E1A2B51ACEE009FE3B7 /* CustomFont.swift */; };
/* End PBXBuildFile section */

/* Begin PBXFileReference section */
		180FCD282AFA9DF50078418F /* DoCode.app */ = {isa = PBXFileReference; explicitFileType = wrapper.application; includeInIndex = 0; path = DoCode.app; sourceTree = BUILT_PRODUCTS_DIR; };
		180FCD2B2AFA9DF50078418F /* DoCodeApp.swift */ = {isa = PBXFileReference; lastKnownFileType = sourcecode.swift; path = DoCodeApp.swift; sourceTree = "<group>"; };
		180FCD2D2AFA9DF50078418F /* ContentView.swift */ = {isa = PBXFileReference; lastKnownFileType = sourcecode.swift; path = ContentView.swift; sourceTree = "<group>"; };
		180FCD2F2AFA9DF80078418F /* Assets.xcassets */ = {isa = PBXFileReference; lastKnownFileType = folder.assetcatalog; path = Assets.xcassets; sourceTree = "<group>"; };
		180FCD322AFA9DF80078418F /* Preview Assets.xcassets */ = {isa = PBXFileReference; lastKnownFileType = folder.assetcatalog; path = "Preview Assets.xcassets"; sourceTree = "<group>"; };
		18CEC9C32B2780A70081DBB6 /* Colors.swift */ = {isa = PBXFileReference; lastKnownFileType = sourcecode.swift; path = Colors.swift; sourceTree = "<group>"; };
		276FE5942B50403900E605D4 /* house.riv */ = {isa = PBXFileReference; lastKnownFileType = file; path = house.riv; sourceTree = "<group>"; };
		276FE5952B50403900E605D4 /* confetti.riv */ = {isa = PBXFileReference; lastKnownFileType = file; path = confetti.riv; sourceTree = "<group>"; };
		276FE5962B50403900E605D4 /* check.riv */ = {isa = PBXFileReference; lastKnownFileType = file; path = check.riv; sourceTree = "<group>"; };
		276FE5972B50403900E605D4 /* menu_button.riv */ = {isa = PBXFileReference; lastKnownFileType = file; path = menu_button.riv; sourceTree = "<group>"; };
		276FE5982B50403900E605D4 /* shapes.riv */ = {isa = PBXFileReference; lastKnownFileType = file; path = shapes.riv; sourceTree = "<group>"; };
		276FE5992B50403900E605D4 /* button.riv */ = {isa = PBXFileReference; lastKnownFileType = file; path = button.riv; sourceTree = "<group>"; };
		276FE59A2B50403900E605D4 /* icons.riv */ = {isa = PBXFileReference; lastKnownFileType = file; path = icons.riv; sourceTree = "<group>"; };
		276FE5A32B50405D00E605D4 /* SplashView.swift */ = {isa = PBXFileReference; lastKnownFileType = sourcecode.swift; path = SplashView.swift; sourceTree = "<group>"; };
		27785E0B2B518D46009FE3B7 /* PageView.swift */ = {isa = PBXFileReference; lastKnownFileType = sourcecode.swift; path = PageView.swift; sourceTree = "<group>"; };
		27785E0E2B5192E6009FE3B7 /* Background.swift */ = {isa = PBXFileReference; lastKnownFileType = sourcecode.swift; path = Background.swift; sourceTree = "<group>"; };
		27785E102B51A2C7009FE3B7 /* PageModel.swift */ = {isa = PBXFileReference; lastKnownFileType = sourcecode.swift; path = PageModel.swift; sourceTree = "<group>"; };
		27785E132B51AA05009FE3B7 /* Inter-Regular.ttf */ = {isa = PBXFileReference; lastKnownFileType = file; path = "Inter-Regular.ttf"; sourceTree = "<group>"; };
		27785E142B51AA05009FE3B7 /* Poppins-Bold.ttf */ = {isa = PBXFileReference; lastKnownFileType = file; path = "Poppins-Bold.ttf"; sourceTree = "<group>"; };
		27785E152B51AA05009FE3B7 /* Inter-SemiBold.ttf */ = {isa = PBXFileReference; lastKnownFileType = file; path = "Inter-SemiBold.ttf"; sourceTree = "<group>"; };
		27785E192B51AA49009FE3B7 /* Info.plist */ = {isa = PBXFileReference; lastKnownFileType = text.plist; path = Info.plist; sourceTree = "<group>"; };
		27785E1A2B51ACEE009FE3B7 /* CustomFont.swift */ = {isa = PBXFileReference; lastKnownFileType = sourcecode.swift; path = CustomFont.swift; sourceTree = "<group>"; };
/* End PBXFileReference section */

/* Begin PBXFrameworksBuildPhase section */
		180FCD252AFA9DF50078418F /* Frameworks */ = {
			isa = PBXFrameworksBuildPhase;
			buildActionMask = 2147483647;
			files = (
			);
			runOnlyForDeploymentPostprocessing = 0;
		};
/* End PBXFrameworksBuildPhase section */

/* Begin PBXGroup section */
		180FCD1F2AFA9DF50078418F = {
			isa = PBXGroup;
			children = (
				180FCD2A2AFA9DF50078418F /* DoCode */,
				180FCD292AFA9DF50078418F /* Products */,
			);
			sourceTree = "<group>";
		};
		180FCD292AFA9DF50078418F /* Products */ = {
			isa = PBXGroup;
			children = (
				180FCD282AFA9DF50078418F /* DoCode.app */,
			);
			name = Products;
			sourceTree = "<group>";
		};
		180FCD2A2AFA9DF50078418F /* DoCode */ = {
			isa = PBXGroup;
			children = (
				27785E192B51AA49009FE3B7 /* Info.plist */,
				27785E0D2B5192D3009FE3B7 /* Background */,
				276FE5A22B50403F00E605D4 /* SplashScreen */,
				27785E072B518B76009FE3B7 /* Sliding Introduction */,
				18CEC9C22B27808C0081DBB6 /* Extensions */,
				180FCD2B2AFA9DF50078418F /* DoCodeApp.swift */,
				180FCD2D2AFA9DF50078418F /* ContentView.swift */,
				180FCD2F2AFA9DF80078418F /* Assets.xcassets */,
				27785E122B51AA05009FE3B7 /* Fonts */,
				276FE5932B50403900E605D4 /* RiveAssets */,
				180FCD312AFA9DF80078418F /* Preview Content */,
			);
			path = DoCode;
			sourceTree = "<group>";
		};
		180FCD312AFA9DF80078418F /* Preview Content */ = {
			isa = PBXGroup;
			children = (
				180FCD322AFA9DF80078418F /* Preview Assets.xcassets */,
			);
			path = "Preview Content";
			sourceTree = "<group>";
		};
		18CEC9C22B27808C0081DBB6 /* Extensions */ = {
			isa = PBXGroup;
			children = (
				18CEC9C32B2780A70081DBB6 /* Colors.swift */,
				27785E1A2B51ACEE009FE3B7 /* CustomFont.swift */,
			);
			path = Extensions;
			sourceTree = "<group>";
		};
		276FE5932B50403900E605D4 /* RiveAssets */ = {
			isa = PBXGroup;
			children = (
				276FE5942B50403900E605D4 /* house.riv */,
				276FE5952B50403900E605D4 /* confetti.riv */,
				276FE5962B50403900E605D4 /* check.riv */,
				276FE5972B50403900E605D4 /* menu_button.riv */,
				276FE5982B50403900E605D4 /* shapes.riv */,
				276FE5992B50403900E605D4 /* button.riv */,
				276FE59A2B50403900E605D4 /* icons.riv */,
			);
			path = RiveAssets;
			sourceTree = "<group>";
		};
		276FE5A22B50403F00E605D4 /* SplashScreen */ = {
			isa = PBXGroup;
			children = (
				27785E082B518C65009FE3B7 /* View */,
			);
			path = SplashScreen;
			sourceTree = "<group>";
		};
		27785E072B518B76009FE3B7 /* Sliding Introduction */ = {
			isa = PBXGroup;
			children = (
				27785E092B518C7F009FE3B7 /* View */,
				27785E0A2B518C87009FE3B7 /* ViewModel */,
			);
			path = "Sliding Introduction";
			sourceTree = "<group>";
		};
		27785E082B518C65009FE3B7 /* View */ = {
			isa = PBXGroup;
			children = (
				276FE5A32B50405D00E605D4 /* SplashView.swift */,
			);
			path = View;
			sourceTree = "<group>";
		};
		27785E092B518C7F009FE3B7 /* View */ = {
			isa = PBXGroup;
			children = (
				27785E0B2B518D46009FE3B7 /* PageView.swift */,
			);
			path = View;
			sourceTree = "<group>";
		};
		27785E0A2B518C87009FE3B7 /* ViewModel */ = {
			isa = PBXGroup;
			children = (
				27785E102B51A2C7009FE3B7 /* PageModel.swift */,
			);
			path = ViewModel;
			sourceTree = "<group>";
		};
		27785E0D2B5192D3009FE3B7 /* Background */ = {
			isa = PBXGroup;
			children = (
				27785E0E2B5192E6009FE3B7 /* Background.swift */,
			);
			path = Background;
			sourceTree = "<group>";
		};
		27785E122B51AA05009FE3B7 /* Fonts */ = {
			isa = PBXGroup;
			children = (
				27785E132B51AA05009FE3B7 /* Inter-Regular.ttf */,
				27785E142B51AA05009FE3B7 /* Poppins-Bold.ttf */,
				27785E152B51AA05009FE3B7 /* Inter-SemiBold.ttf */,
			);
			path = Fonts;
			sourceTree = "<group>";
		};
/* End PBXGroup section */

/* Begin PBXNativeTarget section */
		180FCD272AFA9DF50078418F /* DoCode */ = {
			isa = PBXNativeTarget;
			buildConfigurationList = 180FCD362AFA9DF80078418F /* Build configuration list for PBXNativeTarget "DoCode" */;
			buildPhases = (
				180FCD242AFA9DF50078418F /* Sources */,
				180FCD252AFA9DF50078418F /* Frameworks */,
				180FCD262AFA9DF50078418F /* Resources */,
			);
			buildRules = (
			);
			dependencies = (
			);
			name = DoCode;
			productName = DoCode;
			productReference = 180FCD282AFA9DF50078418F /* DoCode.app */;
			productType = "com.apple.product-type.application";
		};
/* End PBXNativeTarget section */

/* Begin PBXProject section */
		180FCD202AFA9DF50078418F /* Project object */ = {
			isa = PBXProject;
			attributes = {
				BuildIndependentTargetsInParallel = 1;
				LastSwiftUpdateCheck = 1430;
				LastUpgradeCheck = 1520;
				TargetAttributes = {
					180FCD272AFA9DF50078418F = {
						CreatedOnToolsVersion = 14.3.1;
					};
				};
			};
			buildConfigurationList = 180FCD232AFA9DF50078418F /* Build configuration list for PBXProject "DoCode" */;
			compatibilityVersion = "Xcode 14.0";
			developmentRegion = en;
			hasScannedForEncodings = 0;
			knownRegions = (
				en,
				Base,
			);
			mainGroup = 180FCD1F2AFA9DF50078418F;
			packageReferences = (
			);
			productRefGroup = 180FCD292AFA9DF50078418F /* Products */;
			projectDirPath = "";
			projectRoot = "";
			targets = (
				180FCD272AFA9DF50078418F /* DoCode */,
			);
		};
/* End PBXProject section */

/* Begin PBXResourcesBuildPhase section */
		180FCD262AFA9DF50078418F /* Resources */ = {
			isa = PBXResourcesBuildPhase;
			buildActionMask = 2147483647;
			files = (
				27785E182B51AA05009FE3B7 /* Inter-SemiBold.ttf in Resources */,
				276FE59F2B50403900E605D4 /* shapes.riv in Resources */,
				276FE59D2B50403900E605D4 /* check.riv in Resources */,
				180FCD332AFA9DF80078418F /* Preview Assets.xcassets in Resources */,
				276FE59E2B50403900E605D4 /* menu_button.riv in Resources */,
				276FE59B2B50403900E605D4 /* house.riv in Resources */,
				276FE5A02B50403900E605D4 /* button.riv in Resources */,
				27785E162B51AA05009FE3B7 /* Inter-Regular.ttf in Resources */,
				27785E172B51AA05009FE3B7 /* Poppins-Bold.ttf in Resources */,
				180FCD302AFA9DF80078418F /* Assets.xcassets in Resources */,
				276FE59C2B50403900E605D4 /* confetti.riv in Resources */,
				276FE5A12B50403900E605D4 /* icons.riv in Resources */,
			);
			runOnlyForDeploymentPostprocessing = 0;
		};
/* End PBXResourcesBuildPhase section */

/* Begin PBXSourcesBuildPhase section */
		180FCD242AFA9DF50078418F /* Sources */ = {
			isa = PBXSourcesBuildPhase;
			buildActionMask = 2147483647;
			files = (
				27785E0C2B518D46009FE3B7 /* PageView.swift in Sources */,
				27785E112B51A2C7009FE3B7 /* PageModel.swift in Sources */,
				180FCD2E2AFA9DF50078418F /* ContentView.swift in Sources */,
				276FE5A42B50405E00E605D4 /* SplashView.swift in Sources */,
				18CEC9C42B2780A70081DBB6 /* Colors.swift in Sources */,
				27785E1B2B51ACEE009FE3B7 /* CustomFont.swift in Sources */,
				180FCD2C2AFA9DF50078418F /* DoCodeApp.swift in Sources */,
				27785E0F2B5192E6009FE3B7 /* Background.swift in Sources */,
			);
			runOnlyForDeploymentPostprocessing = 0;
		};
/* End PBXSourcesBuildPhase section */

/* Begin XCBuildConfiguration section */
		180FCD342AFA9DF80078418F /* Debug */ = {
			isa = XCBuildConfiguration;
			buildSettings = {
				ALWAYS_SEARCH_USER_PATHS = NO;
				ASSETCATALOG_COMPILER_GENERATE_SWIFT_ASSET_SYMBOL_EXTENSIONS = YES;
				CLANG_ANALYZER_NONNULL = YES;
				CLANG_ANALYZER_NUMBER_OBJECT_CONVERSION = YES_AGGRESSIVE;
				CLANG_CXX_LANGUAGE_STANDARD = "gnu++20";
				CLANG_ENABLE_MODULES = YES;
				CLANG_ENABLE_OBJC_ARC = YES;
				CLANG_ENABLE_OBJC_WEAK = YES;
				CLANG_WARN_BLOCK_CAPTURE_AUTORELEASING = YES;
				CLANG_WARN_BOOL_CONVERSION = YES;
				CLANG_WARN_COMMA = YES;
				CLANG_WARN_CONSTANT_CONVERSION = YES;
				CLANG_WARN_DEPRECATED_OBJC_IMPLEMENTATIONS = YES;
				CLANG_WARN_DIRECT_OBJC_ISA_USAGE = YES_ERROR;
				CLANG_WARN_DOCUMENTATION_COMMENTS = YES;
				CLANG_WARN_EMPTY_BODY = YES;
				CLANG_WARN_ENUM_CONVERSION = YES;
				CLANG_WARN_INFINITE_RECURSION = YES;
				CLANG_WARN_INT_CONVERSION = YES;
				CLANG_WARN_NON_LITERAL_NULL_CONVERSION = YES;
				CLANG_WARN_OBJC_IMPLICIT_RETAIN_SELF = YES;
				CLANG_WARN_OBJC_LITERAL_CONVERSION = YES;
				CLANG_WARN_OBJC_ROOT_CLASS = YES_ERROR;
				CLANG_WARN_QUOTED_INCLUDE_IN_FRAMEWORK_HEADER = YES;
				CLANG_WARN_RANGE_LOOP_ANALYSIS = YES;
				CLANG_WARN_STRICT_PROTOTYPES = YES;
				CLANG_WARN_SUSPICIOUS_MOVE = YES;
				CLANG_WARN_UNGUARDED_AVAILABILITY = YES_AGGRESSIVE;
				CLANG_WARN_UNREACHABLE_CODE = YES;
				CLANG_WARN__DUPLICATE_METHOD_MATCH = YES;
				COPY_PHASE_STRIP = NO;
				DEBUG_INFORMATION_FORMAT = dwarf;
				ENABLE_STRICT_OBJC_MSGSEND = YES;
				ENABLE_TESTABILITY = YES;
				ENABLE_USER_SCRIPT_SANDBOXING = YES;
				GCC_C_LANGUAGE_STANDARD = gnu11;
				GCC_DYNAMIC_NO_PIC = NO;
				GCC_NO_COMMON_BLOCKS = YES;
				GCC_OPTIMIZATION_LEVEL = 0;
				GCC_PREPROCESSOR_DEFINITIONS = (
					"DEBUG=1",
					"$(inherited)",
				);
				GCC_WARN_64_TO_32_BIT_CONVERSION = YES;
				GCC_WARN_ABOUT_RETURN_TYPE = YES_ERROR;
				GCC_WARN_UNDECLARED_SELECTOR = YES;
				GCC_WARN_UNINITIALIZED_AUTOS = YES_AGGRESSIVE;
				GCC_WARN_UNUSED_FUNCTION = YES;
				GCC_WARN_UNUSED_VARIABLE = YES;
				IPHONEOS_DEPLOYMENT_TARGET = 16.4;
				MTL_ENABLE_DEBUG_INFO = INCLUDE_SOURCE;
				MTL_FAST_MATH = YES;
				ONLY_ACTIVE_ARCH = YES;
				SDKROOT = iphoneos;
				SWIFT_ACTIVE_COMPILATION_CONDITIONS = DEBUG;
				SWIFT_OPTIMIZATION_LEVEL = "-Onone";
			};
			name = Debug;
		};
		180FCD352AFA9DF80078418F /* Release */ = {
			isa = XCBuildConfiguration;
			buildSettings = {
				ALWAYS_SEARCH_USER_PATHS = NO;
				ASSETCATALOG_COMPILER_GENERATE_SWIFT_ASSET_SYMBOL_EXTENSIONS = YES;
				CLANG_ANALYZER_NONNULL = YES;
				CLANG_ANALYZER_NUMBER_OBJECT_CONVERSION = YES_AGGRESSIVE;
				CLANG_CXX_LANGUAGE_STANDARD = "gnu++20";
				CLANG_ENABLE_MODULES = YES;
				CLANG_ENABLE_OBJC_ARC = YES;
				CLANG_ENABLE_OBJC_WEAK = YES;
				CLANG_WARN_BLOCK_CAPTURE_AUTORELEASING = YES;
				CLANG_WARN_BOOL_CONVERSION = YES;
				CLANG_WARN_COMMA = YES;
				CLANG_WARN_CONSTANT_CONVERSION = YES;
				CLANG_WARN_DEPRECATED_OBJC_IMPLEMENTATIONS = YES;
				CLANG_WARN_DIRECT_OBJC_ISA_USAGE = YES_ERROR;
				CLANG_WARN_DOCUMENTATION_COMMENTS = YES;
				CLANG_WARN_EMPTY_BODY = YES;
				CLANG_WARN_ENUM_CONVERSION = YES;
				CLANG_WARN_INFINITE_RECURSION = YES;
				CLANG_WARN_INT_CONVERSION = YES;
				CLANG_WARN_NON_LITERAL_NULL_CONVERSION = YES;
				CLANG_WARN_OBJC_IMPLICIT_RETAIN_SELF = YES;
				CLANG_WARN_OBJC_LITERAL_CONVERSION = YES;
				CLANG_WARN_OBJC_ROOT_CLASS = YES_ERROR;
				CLANG_WARN_QUOTED_INCLUDE_IN_FRAMEWORK_HEADER = YES;
				CLANG_WARN_RANGE_LOOP_ANALYSIS = YES;
				CLANG_WARN_STRICT_PROTOTYPES = YES;
				CLANG_WARN_SUSPICIOUS_MOVE = YES;
				CLANG_WARN_UNGUARDED_AVAILABILITY = YES_AGGRESSIVE;
				CLANG_WARN_UNREACHABLE_CODE = YES;
				CLANG_WARN__DUPLICATE_METHOD_MATCH = YES;
				COPY_PHASE_STRIP = NO;
				DEBUG_INFORMATION_FORMAT = "dwarf-with-dsym";
				ENABLE_NS_ASSERTIONS = NO;
				ENABLE_STRICT_OBJC_MSGSEND = YES;
				ENABLE_USER_SCRIPT_SANDBOXING = YES;
				GCC_C_LANGUAGE_STANDARD = gnu11;
				GCC_NO_COMMON_BLOCKS = YES;
				GCC_WARN_64_TO_32_BIT_CONVERSION = YES;
				GCC_WARN_ABOUT_RETURN_TYPE = YES_ERROR;
				GCC_WARN_UNDECLARED_SELECTOR = YES;
				GCC_WARN_UNINITIALIZED_AUTOS = YES_AGGRESSIVE;
				GCC_WARN_UNUSED_FUNCTION = YES;
				GCC_WARN_UNUSED_VARIABLE = YES;
				IPHONEOS_DEPLOYMENT_TARGET = 16.4;
				MTL_ENABLE_DEBUG_INFO = NO;
				MTL_FAST_MATH = YES;
				SDKROOT = iphoneos;
				SWIFT_COMPILATION_MODE = wholemodule;
				SWIFT_OPTIMIZATION_LEVEL = "-O";
				VALIDATE_PRODUCT = YES;
			};
			name = Release;
		};
		180FCD372AFA9DF80078418F /* Debug */ = {
			isa = XCBuildConfiguration;
			buildSettings = {
				ASSETCATALOG_COMPILER_APPICON_NAME = AppIcon;
				ASSETCATALOG_COMPILER_GLOBAL_ACCENT_COLOR_NAME = AccentColor;
				CODE_SIGN_STYLE = Automatic;
				CURRENT_PROJECT_VERSION = 1;
				DEVELOPMENT_ASSET_PATHS = "\"DoCode/Preview Content\"";
				DEVELOPMENT_TEAM = 9872Q3S934;
				ENABLE_PREVIEWS = YES;
				GENERATE_INFOPLIST_FILE = YES;
				INFOPLIST_FILE = DoCode/Info.plist;
				INFOPLIST_KEY_UIApplicationSceneManifest_Generation = YES;
				INFOPLIST_KEY_UIApplicationSupportsIndirectInputEvents = YES;
				INFOPLIST_KEY_UILaunchScreen_Generation = YES;
				INFOPLIST_KEY_UISupportedInterfaceOrientations_iPad = "UIInterfaceOrientationPortrait UIInterfaceOrientationPortraitUpsideDown UIInterfaceOrientationLandscapeLeft UIInterfaceOrientationLandscapeRight";
				INFOPLIST_KEY_UISupportedInterfaceOrientations_iPhone = "UIInterfaceOrientationPortrait UIInterfaceOrientationLandscapeLeft UIInterfaceOrientationLandscapeRight";
				LD_RUNPATH_SEARCH_PATHS = (
					"$(inherited)",
					"@executable_path/Frameworks",
				);
				MARKETING_VERSION = 1.0;
				PRODUCT_BUNDLE_IDENTIFIER = com.codewithsaqib.DoCode;
				PRODUCT_NAME = "$(TARGET_NAME)";
				SWIFT_EMIT_LOC_STRINGS = YES;
				SWIFT_VERSION = 5.0;
				TARGETED_DEVICE_FAMILY = "1,2";
			};
			name = Debug;
		};
		180FCD382AFA9DF80078418F /* Release */ = {
			isa = XCBuildConfiguration;
			buildSettings = {
				ASSETCATALOG_COMPILER_APPICON_NAME = AppIcon;
				ASSETCATALOG_COMPILER_GLOBAL_ACCENT_COLOR_NAME = AccentColor;
				CODE_SIGN_STYLE = Automatic;
				CURRENT_PROJECT_VERSION = 1;
				DEVELOPMENT_ASSET_PATHS = "\"DoCode/Preview Content\"";
				DEVELOPMENT_TEAM = 9872Q3S934;
				ENABLE_PREVIEWS = YES;
				GENERATE_INFOPLIST_FILE = YES;
				INFOPLIST_FILE = DoCode/Info.plist;
				INFOPLIST_KEY_UIApplicationSceneManifest_Generation = YES;
				INFOPLIST_KEY_UIApplicationSupportsIndirectInputEvents = YES;
				INFOPLIST_KEY_UILaunchScreen_Generation = YES;
				INFOPLIST_KEY_UISupportedInterfaceOrientations_iPad = "UIInterfaceOrientationPortrait UIInterfaceOrientationPortraitUpsideDown UIInterfaceOrientationLandscapeLeft UIInterfaceOrientationLandscapeRight";
				INFOPLIST_KEY_UISupportedInterfaceOrientations_iPhone = "UIInterfaceOrientationPortrait UIInterfaceOrientationLandscapeLeft UIInterfaceOrientationLandscapeRight";
				LD_RUNPATH_SEARCH_PATHS = (
					"$(inherited)",
					"@executable_path/Frameworks",
				);
				MARKETING_VERSION = 1.0;
				PRODUCT_BUNDLE_IDENTIFIER = com.codewithsaqib.DoCode;
				PRODUCT_NAME = "$(TARGET_NAME)";
				SWIFT_EMIT_LOC_STRINGS = YES;
				SWIFT_VERSION = 5.0;
				TARGETED_DEVICE_FAMILY = "1,2";
			};
			name = Release;
		};
/* End XCBuildConfiguration section */

/* Begin XCConfigurationList section */
		180FCD232AFA9DF50078418F /* Build configuration list for PBXProject "DoCode" */ = {
			isa = XCConfigurationList;
			buildConfigurations = (
				180FCD342AFA9DF80078418F /* Debug */,
				180FCD352AFA9DF80078418F /* Release */,
			);
			defaultConfigurationIsVisible = 0;
			defaultConfigurationName = Release;
		};
		180FCD362AFA9DF80078418F /* Build configuration list for PBXNativeTarget "DoCode" */ = {
			isa = XCConfigurationList;
			buildConfigurations = (
				180FCD372AFA9DF80078418F /* Debug */,
				180FCD382AFA9DF80078418F /* Release */,
			);
			defaultConfigurationIsVisible = 0;
			defaultConfigurationName = Release;
		};
/* End XCConfigurationList section */
	};
	rootObject = 180FCD202AFA9DF50078418F /* Project object */;
}
